// !$*UTF8*$!
{
	archiveVersion = 1;
	classes = {
	};
	objectVersion = 56;
	objects = {

/* Begin PBXBuildFile section */
		8BD0D9922C9F4E6400A4F41D /* AppDelegate.swift in Sources */ = {isa = PBXBuildFile; fileRef = 8BD0D9912C9F4E6400A4F41D /* AppDelegate.swift */; };
		8BD0D9942C9F4E6400A4F41D /* SceneDelegate.swift in Sources */ = {isa = PBXBuildFile; fileRef = 8BD0D9932C9F4E6400A4F41D /* SceneDelegate.swift */; };
		8BD0D99B2C9F4E6600A4F41D /* Assets.xcassets in Resources */ = {isa = PBXBuildFile; fileRef = 8BD0D99A2C9F4E6600A4F41D /* Assets.xcassets */; };
		8BD0D99E2C9F4E6600A4F41D /* LaunchScreen.storyboard in Resources */ = {isa = PBXBuildFile; fileRef = 8BD0D99C2C9F4E6600A4F41D /* LaunchScreen.storyboard */; };
		8BD0D9A92C9F4E6600A4F41D /* SimpleMessagingTests.swift in Sources */ = {isa = PBXBuildFile; fileRef = 8BD0D9A82C9F4E6600A4F41D /* SimpleMessagingTests.swift */; };
		8BD0D9B32C9F4E6600A4F41D /* SimpleMessagingUITests.swift in Sources */ = {isa = PBXBuildFile; fileRef = 8BD0D9B22C9F4E6600A4F41D /* SimpleMessagingUITests.swift */; };
		8BD0D9B52C9F4E6600A4F41D /* SimpleMessagingUITestsLaunchTests.swift in Sources */ = {isa = PBXBuildFile; fileRef = 8BD0D9B42C9F4E6600A4F41D /* SimpleMessagingUITestsLaunchTests.swift */; };
		8BD0D9C92C9F510D00A4F41D /* Chat.swift in Sources */ = {isa = PBXBuildFile; fileRef = 8BD0D9C82C9F510D00A4F41D /* Chat.swift */; };
		8BD0D9CD2C9F51BB00A4F41D /* Message.swift in Sources */ = {isa = PBXBuildFile; fileRef = 8BD0D9CC2C9F51BB00A4F41D /* Message.swift */; };
		8BD0D9D22C9F527C00A4F41D /* Chats.json in Resources */ = {isa = PBXBuildFile; fileRef = 8BD0D9D12C9F527C00A4F41D /* Chats.json */; };
		8BD0D9D42C9F52AF00A4F41D /* LocalJSONChatService.swift in Sources */ = {isa = PBXBuildFile; fileRef = 8BD0D9D32C9F52AF00A4F41D /* LocalJSONChatService.swift */; };
		8BD0D9D72C9F533E00A4F41D /* ChatServiceable.swift in Sources */ = {isa = PBXBuildFile; fileRef = 8BD0D9D62C9F533E00A4F41D /* ChatServiceable.swift */; };
		8BD0D9DC2C9F542700A4F41D /* CoreNetworking in Frameworks */ = {isa = PBXBuildFile; productRef = 8BD0D9DB2C9F542700A4F41D /* CoreNetworking */; };
		8BD0D9DE2C9F542B00A4F41D /* CoreFoundational in Frameworks */ = {isa = PBXBuildFile; productRef = 8BD0D9DD2C9F542B00A4F41D /* CoreFoundational */; };
		8BD0D9E22C9F543500A4F41D /* CoreTesting in Frameworks */ = {isa = PBXBuildFile; productRef = 8BD0D9E12C9F543500A4F41D /* CoreTesting */; };
		8BD0D9E52C9F560700A4F41D /* ChatFeedViewModel.swift in Sources */ = {isa = PBXBuildFile; fileRef = 8BD0D9E42C9F560700A4F41D /* ChatFeedViewModel.swift */; };
		8BD0D9EA2C9F562D00A4F41D /* ChatFeedViewModelUnitTests.swift in Sources */ = {isa = PBXBuildFile; fileRef = 8BD0D9E92C9F562D00A4F41D /* ChatFeedViewModelUnitTests.swift */; };
		8BD0D9ED2C9F596000A4F41D /* StubChatService.swift in Sources */ = {isa = PBXBuildFile; fileRef = 8BD0D9EC2C9F596000A4F41D /* StubChatService.swift */; };
		8BD0D9F02C9F5B4000A4F41D /* Chat+UnitTests.swift in Sources */ = {isa = PBXBuildFile; fileRef = 8BD0D9EF2C9F5B4000A4F41D /* Chat+UnitTests.swift */; };
		8BD0D9F42C9F5C7200A4F41D /* ChatStub.swift in Sources */ = {isa = PBXBuildFile; fileRef = 8BD0D9F32C9F5C7200A4F41D /* ChatStub.swift */; };
		8BD0D9F62C9F5E6000A4F41D /* SpyChatFeed.swift in Sources */ = {isa = PBXBuildFile; fileRef = 8BD0D9F52C9F5E6000A4F41D /* SpyChatFeed.swift */; };
		8BD0D9F82C9F604400A4F41D /* ChatFeedViewModelling.swift in Sources */ = {isa = PBXBuildFile; fileRef = 8BD0D9F72C9F604400A4F41D /* ChatFeedViewModelling.swift */; };
		8BD0D9FB2C9F605D00A4F41D /* ChatFeedViewModelState.swift in Sources */ = {isa = PBXBuildFile; fileRef = 8BD0D9FA2C9F605D00A4F41D /* ChatFeedViewModelState.swift */; };
		8BD0DA022C9F616A00A4F41D /* Storyboarded.swift in Sources */ = {isa = PBXBuildFile; fileRef = 8BD0DA012C9F616A00A4F41D /* Storyboarded.swift */; };
		8BD0DA042C9F618300A4F41D /* Storyboarded+ViewController.swift in Sources */ = {isa = PBXBuildFile; fileRef = 8BD0DA032C9F618300A4F41D /* Storyboarded+ViewController.swift */; };
		8BD0DA0A2CA15DF500A4F41D /* ChatFeed.storyboard in Resources */ = {isa = PBXBuildFile; fileRef = 8BD0DA092CA15DF500A4F41D /* ChatFeed.storyboard */; };
		8BD0DA0C2CA15E0000A4F41D /* ChatFeedViewController.swift in Sources */ = {isa = PBXBuildFile; fileRef = 8BD0DA0B2CA15E0000A4F41D /* ChatFeedViewController.swift */; };
		8BD0DA0F2CA15F9C00A4F41D /* ChatFeedTableViewCell.swift in Sources */ = {isa = PBXBuildFile; fileRef = 8BD0DA0E2CA15F9C00A4F41D /* ChatFeedTableViewCell.swift */; };
		8BD0DA132CA160D900A4F41D /* ChatPresentationModelling.swift in Sources */ = {isa = PBXBuildFile; fileRef = 8BD0DA122CA160D900A4F41D /* ChatPresentationModelling.swift */; };
		8BD0DA152CA160E100A4F41D /* ChatPresentationModel.swift in Sources */ = {isa = PBXBuildFile; fileRef = 8BD0DA142CA160E100A4F41D /* ChatPresentationModel.swift */; };
		8BD0DA172CA1613B00A4F41D /* ChatFeedCellViewable.swift in Sources */ = {isa = PBXBuildFile; fileRef = 8BD0DA162CA1613B00A4F41D /* ChatFeedCellViewable.swift */; };
		8BD0DA1B2CA166E300A4F41D /* ChatFeedTableViewCell+DSLHelpers.swift in Sources */ = {isa = PBXBuildFile; fileRef = 8BD0DA1A2CA166E300A4F41D /* ChatFeedTableViewCell+DSLHelpers.swift */; };
		8BD0DA1E2CA1672500A4F41D /* UIView+FindChildView.swift in Sources */ = {isa = PBXBuildFile; fileRef = 8BD0DA1D2CA1672500A4F41D /* UIView+FindChildView.swift */; };
		8BD0DA212CA1674000A4F41D /* ChatFeedTableViewCellUnitTests.swift in Sources */ = {isa = PBXBuildFile; fileRef = 8BD0DA202CA1674000A4F41D /* ChatFeedTableViewCellUnitTests.swift */; };
		8BD0DA242CA176E900A4F41D /* ChatDetailView.swift in Sources */ = {isa = PBXBuildFile; fileRef = 8BD0DA232CA176E900A4F41D /* ChatDetailView.swift */; };
		8BD0DA262CA176F300A4F41D /* HostedChatDetailView.swift in Sources */ = {isa = PBXBuildFile; fileRef = 8BD0DA252CA176F300A4F41D /* HostedChatDetailView.swift */; };
		8BD0DA282CA1771B00A4F41D /* ChatDetailViewController.swift in Sources */ = {isa = PBXBuildFile; fileRef = 8BD0DA272CA1771B00A4F41D /* ChatDetailViewController.swift */; };
		8BD0DA2A2CA1793100A4F41D /* SwiftUIViewHostingUIViewController.swift in Sources */ = {isa = PBXBuildFile; fileRef = 8BD0DA292CA1793100A4F41D /* SwiftUIViewHostingUIViewController.swift */; };
		8BD0DA2C2CA1799000A4F41D /* UIViewController+SwiftUI.swift in Sources */ = {isa = PBXBuildFile; fileRef = 8BD0DA2B2CA1799000A4F41D /* UIViewController+SwiftUI.swift */; };
		8BD0DA2E2CA179DE00A4F41D /* ChatDetailViewModel.swift in Sources */ = {isa = PBXBuildFile; fileRef = 8BD0DA2D2CA179DE00A4F41D /* ChatDetailViewModel.swift */; };
		8BD0DA312CA1820500A4F41D /* ChatInputView.swift in Sources */ = {isa = PBXBuildFile; fileRef = 8BD0DA302CA1820500A4F41D /* ChatInputView.swift */; };
/* End PBXBuildFile section */

/* Begin PBXContainerItemProxy section */
		8BD0D9A52C9F4E6600A4F41D /* PBXContainerItemProxy */ = {
			isa = PBXContainerItemProxy;
			containerPortal = 8BD0D9862C9F4E6400A4F41D /* Project object */;
			proxyType = 1;
			remoteGlobalIDString = 8BD0D98D2C9F4E6400A4F41D;
			remoteInfo = SimpleMessaging;
		};
		8BD0D9AF2C9F4E6600A4F41D /* PBXContainerItemProxy */ = {
			isa = PBXContainerItemProxy;
			containerPortal = 8BD0D9862C9F4E6400A4F41D /* Project object */;
			proxyType = 1;
			remoteGlobalIDString = 8BD0D98D2C9F4E6400A4F41D;
			remoteInfo = SimpleMessaging;
		};
/* End PBXContainerItemProxy section */

/* Begin PBXFileReference section */
		8BD0D98E2C9F4E6400A4F41D /* SimpleMessaging.app */ = {isa = PBXFileReference; explicitFileType = wrapper.application; includeInIndex = 0; path = SimpleMessaging.app; sourceTree = BUILT_PRODUCTS_DIR; };
		8BD0D9912C9F4E6400A4F41D /* AppDelegate.swift */ = {isa = PBXFileReference; lastKnownFileType = sourcecode.swift; path = AppDelegate.swift; sourceTree = "<group>"; };
		8BD0D9932C9F4E6400A4F41D /* SceneDelegate.swift */ = {isa = PBXFileReference; lastKnownFileType = sourcecode.swift; path = SceneDelegate.swift; sourceTree = "<group>"; };
		8BD0D99A2C9F4E6600A4F41D /* Assets.xcassets */ = {isa = PBXFileReference; lastKnownFileType = folder.assetcatalog; path = Assets.xcassets; sourceTree = "<group>"; };
		8BD0D99D2C9F4E6600A4F41D /* Base */ = {isa = PBXFileReference; lastKnownFileType = file.storyboard; name = Base; path = Base.lproj/LaunchScreen.storyboard; sourceTree = "<group>"; };
		8BD0D99F2C9F4E6600A4F41D /* Info.plist */ = {isa = PBXFileReference; lastKnownFileType = text.plist.xml; path = Info.plist; sourceTree = "<group>"; };
		8BD0D9A42C9F4E6600A4F41D /* SimpleMessagingTests.xctest */ = {isa = PBXFileReference; explicitFileType = wrapper.cfbundle; includeInIndex = 0; path = SimpleMessagingTests.xctest; sourceTree = BUILT_PRODUCTS_DIR; };
		8BD0D9A82C9F4E6600A4F41D /* SimpleMessagingTests.swift */ = {isa = PBXFileReference; lastKnownFileType = sourcecode.swift; path = SimpleMessagingTests.swift; sourceTree = "<group>"; };
		8BD0D9AE2C9F4E6600A4F41D /* SimpleMessagingUITests.xctest */ = {isa = PBXFileReference; explicitFileType = wrapper.cfbundle; includeInIndex = 0; path = SimpleMessagingUITests.xctest; sourceTree = BUILT_PRODUCTS_DIR; };
		8BD0D9B22C9F4E6600A4F41D /* SimpleMessagingUITests.swift */ = {isa = PBXFileReference; lastKnownFileType = sourcecode.swift; path = SimpleMessagingUITests.swift; sourceTree = "<group>"; };
		8BD0D9B42C9F4E6600A4F41D /* SimpleMessagingUITestsLaunchTests.swift */ = {isa = PBXFileReference; lastKnownFileType = sourcecode.swift; path = SimpleMessagingUITestsLaunchTests.swift; sourceTree = "<group>"; };
		8BD0D9C82C9F510D00A4F41D /* Chat.swift */ = {isa = PBXFileReference; lastKnownFileType = sourcecode.swift; path = Chat.swift; sourceTree = "<group>"; };
		8BD0D9CC2C9F51BB00A4F41D /* Message.swift */ = {isa = PBXFileReference; lastKnownFileType = sourcecode.swift; path = Message.swift; sourceTree = "<group>"; };
		8BD0D9D12C9F527C00A4F41D /* Chats.json */ = {isa = PBXFileReference; lastKnownFileType = text.json; path = Chats.json; sourceTree = "<group>"; };
		8BD0D9D32C9F52AF00A4F41D /* LocalJSONChatService.swift */ = {isa = PBXFileReference; lastKnownFileType = sourcecode.swift; path = LocalJSONChatService.swift; sourceTree = "<group>"; };
		8BD0D9D62C9F533E00A4F41D /* ChatServiceable.swift */ = {isa = PBXFileReference; lastKnownFileType = sourcecode.swift; path = ChatServiceable.swift; sourceTree = "<group>"; };
		8BD0D9E42C9F560700A4F41D /* ChatFeedViewModel.swift */ = {isa = PBXFileReference; lastKnownFileType = sourcecode.swift; path = ChatFeedViewModel.swift; sourceTree = "<group>"; };
		8BD0D9E92C9F562D00A4F41D /* ChatFeedViewModelUnitTests.swift */ = {isa = PBXFileReference; lastKnownFileType = sourcecode.swift; path = ChatFeedViewModelUnitTests.swift; sourceTree = "<group>"; };
		8BD0D9EC2C9F596000A4F41D /* StubChatService.swift */ = {isa = PBXFileReference; lastKnownFileType = sourcecode.swift; path = StubChatService.swift; sourceTree = "<group>"; };
		8BD0D9EF2C9F5B4000A4F41D /* Chat+UnitTests.swift */ = {isa = PBXFileReference; lastKnownFileType = sourcecode.swift; path = "Chat+UnitTests.swift"; sourceTree = "<group>"; };
		8BD0D9F32C9F5C7200A4F41D /* ChatStub.swift */ = {isa = PBXFileReference; lastKnownFileType = sourcecode.swift; path = ChatStub.swift; sourceTree = "<group>"; };
		8BD0D9F52C9F5E6000A4F41D /* SpyChatFeed.swift */ = {isa = PBXFileReference; lastKnownFileType = sourcecode.swift; path = SpyChatFeed.swift; sourceTree = "<group>"; };
		8BD0D9F72C9F604400A4F41D /* ChatFeedViewModelling.swift */ = {isa = PBXFileReference; lastKnownFileType = sourcecode.swift; path = ChatFeedViewModelling.swift; sourceTree = "<group>"; };
		8BD0D9FA2C9F605D00A4F41D /* ChatFeedViewModelState.swift */ = {isa = PBXFileReference; lastKnownFileType = sourcecode.swift; path = ChatFeedViewModelState.swift; sourceTree = "<group>"; };
		8BD0DA012C9F616A00A4F41D /* Storyboarded.swift */ = {isa = PBXFileReference; lastKnownFileType = sourcecode.swift; path = Storyboarded.swift; sourceTree = "<group>"; };
		8BD0DA032C9F618300A4F41D /* Storyboarded+ViewController.swift */ = {isa = PBXFileReference; lastKnownFileType = sourcecode.swift; path = "Storyboarded+ViewController.swift"; sourceTree = "<group>"; };
		8BD0DA092CA15DF500A4F41D /* ChatFeed.storyboard */ = {isa = PBXFileReference; lastKnownFileType = file.storyboard; path = ChatFeed.storyboard; sourceTree = "<group>"; };
		8BD0DA0B2CA15E0000A4F41D /* ChatFeedViewController.swift */ = {isa = PBXFileReference; lastKnownFileType = sourcecode.swift; path = ChatFeedViewController.swift; sourceTree = "<group>"; };
		8BD0DA0E2CA15F9C00A4F41D /* ChatFeedTableViewCell.swift */ = {isa = PBXFileReference; lastKnownFileType = sourcecode.swift; path = ChatFeedTableViewCell.swift; sourceTree = "<group>"; };
		8BD0DA122CA160D900A4F41D /* ChatPresentationModelling.swift */ = {isa = PBXFileReference; lastKnownFileType = sourcecode.swift; path = ChatPresentationModelling.swift; sourceTree = "<group>"; };
		8BD0DA142CA160E100A4F41D /* ChatPresentationModel.swift */ = {isa = PBXFileReference; lastKnownFileType = sourcecode.swift; path = ChatPresentationModel.swift; sourceTree = "<group>"; };
		8BD0DA162CA1613B00A4F41D /* ChatFeedCellViewable.swift */ = {isa = PBXFileReference; lastKnownFileType = sourcecode.swift; path = ChatFeedCellViewable.swift; sourceTree = "<group>"; };
		8BD0DA1A2CA166E300A4F41D /* ChatFeedTableViewCell+DSLHelpers.swift */ = {isa = PBXFileReference; lastKnownFileType = sourcecode.swift; path = "ChatFeedTableViewCell+DSLHelpers.swift"; sourceTree = "<group>"; };
		8BD0DA1D2CA1672500A4F41D /* UIView+FindChildView.swift */ = {isa = PBXFileReference; lastKnownFileType = sourcecode.swift; path = "UIView+FindChildView.swift"; sourceTree = "<group>"; };
		8BD0DA202CA1674000A4F41D /* ChatFeedTableViewCellUnitTests.swift */ = {isa = PBXFileReference; lastKnownFileType = sourcecode.swift; path = ChatFeedTableViewCellUnitTests.swift; sourceTree = "<group>"; };
		8BD0DA232CA176E900A4F41D /* ChatDetailView.swift */ = {isa = PBXFileReference; lastKnownFileType = sourcecode.swift; path = ChatDetailView.swift; sourceTree = "<group>"; };
		8BD0DA252CA176F300A4F41D /* HostedChatDetailView.swift */ = {isa = PBXFileReference; lastKnownFileType = sourcecode.swift; path = HostedChatDetailView.swift; sourceTree = "<group>"; };
		8BD0DA272CA1771B00A4F41D /* ChatDetailViewController.swift */ = {isa = PBXFileReference; lastKnownFileType = sourcecode.swift; path = ChatDetailViewController.swift; sourceTree = "<group>"; };
		8BD0DA292CA1793100A4F41D /* SwiftUIViewHostingUIViewController.swift */ = {isa = PBXFileReference; lastKnownFileType = sourcecode.swift; path = SwiftUIViewHostingUIViewController.swift; sourceTree = "<group>"; };
		8BD0DA2B2CA1799000A4F41D /* UIViewController+SwiftUI.swift */ = {isa = PBXFileReference; lastKnownFileType = sourcecode.swift; path = "UIViewController+SwiftUI.swift"; sourceTree = "<group>"; };
		8BD0DA2D2CA179DE00A4F41D /* ChatDetailViewModel.swift */ = {isa = PBXFileReference; lastKnownFileType = sourcecode.swift; path = ChatDetailViewModel.swift; sourceTree = "<group>"; };
		8BD0DA302CA1820500A4F41D /* ChatInputView.swift */ = {isa = PBXFileReference; lastKnownFileType = sourcecode.swift; path = ChatInputView.swift; sourceTree = "<group>"; };
/* End PBXFileReference section */

/* Begin PBXFrameworksBuildPhase section */
		8BD0D98B2C9F4E6400A4F41D /* Frameworks */ = {
			isa = PBXFrameworksBuildPhase;
			buildActionMask = 2147483647;
			files = (
				8BD0D9DC2C9F542700A4F41D /* CoreNetworking in Frameworks */,
				8BD0D9DE2C9F542B00A4F41D /* CoreFoundational in Frameworks */,
			);
			runOnlyForDeploymentPostprocessing = 0;
		};
		8BD0D9A12C9F4E6600A4F41D /* Frameworks */ = {
			isa = PBXFrameworksBuildPhase;
			buildActionMask = 2147483647;
			files = (
				8BD0D9E22C9F543500A4F41D /* CoreTesting in Frameworks */,
			);
			runOnlyForDeploymentPostprocessing = 0;
		};
		8BD0D9AB2C9F4E6600A4F41D /* Frameworks */ = {
			isa = PBXFrameworksBuildPhase;
			buildActionMask = 2147483647;
			files = (
			);
			runOnlyForDeploymentPostprocessing = 0;
		};
/* End PBXFrameworksBuildPhase section */

/* Begin PBXGroup section */
		8BD0D9852C9F4E6400A4F41D = {
			isa = PBXGroup;
			children = (
				8BD0D9902C9F4E6400A4F41D /* SimpleMessaging */,
				8BD0D9A72C9F4E6600A4F41D /* SimpleMessagingTests */,
				8BD0D9B12C9F4E6600A4F41D /* SimpleMessagingUITests */,
				8BD0D98F2C9F4E6400A4F41D /* Products */,
				8BD0D9DA2C9F542700A4F41D /* Frameworks */,
			);
			sourceTree = "<group>";
		};
		8BD0D98F2C9F4E6400A4F41D /* Products */ = {
			isa = PBXGroup;
			children = (
				8BD0D98E2C9F4E6400A4F41D /* SimpleMessaging.app */,
				8BD0D9A42C9F4E6600A4F41D /* SimpleMessagingTests.xctest */,
				8BD0D9AE2C9F4E6600A4F41D /* SimpleMessagingUITests.xctest */,
			);
			name = Products;
			sourceTree = "<group>";
		};
		8BD0D9902C9F4E6400A4F41D /* SimpleMessaging */ = {
			isa = PBXGroup;
			children = (
				8BD0D99F2C9F4E6600A4F41D /* Info.plist */,
				8BD0D9C32C9F508100A4F41D /* App Set Up */,
				8BD0D9C12C9F507800A4F41D /* Feature */,
				8BD0D9C52C9F508D00A4F41D /* Utilities */,
			);
			path = SimpleMessaging;
			sourceTree = "<group>";
		};
		8BD0D9A72C9F4E6600A4F41D /* SimpleMessagingTests */ = {
			isa = PBXGroup;
			children = (
				8BD0D9E62C9F560E00A4F41D /* Feature */,
				8BD0D9A82C9F4E6600A4F41D /* SimpleMessagingTests.swift */,
			);
			path = SimpleMessagingTests;
			sourceTree = "<group>";
		};
		8BD0D9B12C9F4E6600A4F41D /* SimpleMessagingUITests */ = {
			isa = PBXGroup;
			children = (
				8BD0D9B22C9F4E6600A4F41D /* SimpleMessagingUITests.swift */,
				8BD0D9B42C9F4E6600A4F41D /* SimpleMessagingUITestsLaunchTests.swift */,
			);
			path = SimpleMessagingUITests;
			sourceTree = "<group>";
		};
		8BD0D9C12C9F507800A4F41D /* Feature */ = {
			isa = PBXGroup;
			children = (
				8BD0D9C42C9F508800A4F41D /* Launch */,
				8BD0D9FC2C9F60A600A4F41D /* Chat */,
			);
			path = Feature;
			sourceTree = "<group>";
		};
		8BD0D9C22C9F507C00A4F41D /* View Model */ = {
			isa = PBXGroup;
			children = (
				8BD0DA222CA176D600A4F41D /* Detail */,
				8BD0D9E32C9F55E000A4F41D /* Feed */,
			);
			path = "View Model";
			sourceTree = "<group>";
		};
		8BD0D9C32C9F508100A4F41D /* App Set Up */ = {
			isa = PBXGroup;
			children = (
				8BD0D9912C9F4E6400A4F41D /* AppDelegate.swift */,
				8BD0D9932C9F4E6400A4F41D /* SceneDelegate.swift */,
			);
			path = "App Set Up";
			sourceTree = "<group>";
		};
		8BD0D9C42C9F508800A4F41D /* Launch */ = {
			isa = PBXGroup;
			children = (
				8BD0D99C2C9F4E6600A4F41D /* LaunchScreen.storyboard */,
			);
			path = Launch;
			sourceTree = "<group>";
		};
		8BD0D9C52C9F508D00A4F41D /* Utilities */ = {
			isa = PBXGroup;
			children = (
				8BD0DA002C9F615E00A4F41D /* Storyboard */,
				8BD0D99A2C9F4E6600A4F41D /* Assets.xcassets */,
				8BD0DA292CA1793100A4F41D /* SwiftUIViewHostingUIViewController.swift */,
				8BD0DA2B2CA1799000A4F41D /* UIViewController+SwiftUI.swift */,
			);
			path = Utilities;
			sourceTree = "<group>";
		};
		8BD0D9C62C9F50E000A4F41D /* Presentation */ = {
			isa = PBXGroup;
			children = (
				8BD0DA112CA160BD00A4F41D /* Presentation Model */,
				8BD0DA102CA160B700A4F41D /* View */,
			);
			path = Presentation;
			sourceTree = "<group>";
		};
		8BD0D9C72C9F50E400A4F41D /* Model */ = {
			isa = PBXGroup;
			children = (
				8BD0D9FE2C9F60CE00A4F41D /* Core */,
				8BD0D9FD2C9F60C700A4F41D /* State */,
			);
			path = Model;
			sourceTree = "<group>";
		};
		8BD0D9CE2C9F51F100A4F41D /* Service */ = {
			isa = PBXGroup;
			children = (
				8BD0D9D82C9F535D00A4F41D /* API */,
				8BD0D9D92C9F536300A4F41D /* Local */,
				8BD0D9D02C9F526D00A4F41D /* Resources */,
			);
			path = Service;
			sourceTree = "<group>";
		};
		8BD0D9D02C9F526D00A4F41D /* Resources */ = {
			isa = PBXGroup;
			children = (
				8BD0D9D12C9F527C00A4F41D /* Chats.json */,
			);
			path = Resources;
			sourceTree = "<group>";
		};
		8BD0D9D82C9F535D00A4F41D /* API */ = {
			isa = PBXGroup;
			children = (
				8BD0D9D62C9F533E00A4F41D /* ChatServiceable.swift */,
			);
			path = API;
			sourceTree = "<group>";
		};
		8BD0D9D92C9F536300A4F41D /* Local */ = {
			isa = PBXGroup;
			children = (
				8BD0D9D32C9F52AF00A4F41D /* LocalJSONChatService.swift */,
			);
			path = Local;
			sourceTree = "<group>";
		};
		8BD0D9DA2C9F542700A4F41D /* Frameworks */ = {
			isa = PBXGroup;
			children = (
			);
			name = Frameworks;
			sourceTree = "<group>";
		};
		8BD0D9E32C9F55E000A4F41D /* Feed */ = {
			isa = PBXGroup;
			children = (
				8BD0D9E42C9F560700A4F41D /* ChatFeedViewModel.swift */,
				8BD0D9F72C9F604400A4F41D /* ChatFeedViewModelling.swift */,
			);
			path = Feed;
			sourceTree = "<group>";
		};
		8BD0D9E62C9F560E00A4F41D /* Feature */ = {
			isa = PBXGroup;
			children = (
				8BD0DA1C2CA1671800A4F41D /* Test Utilities */,
				8BD0D9F12C9F5C6800A4F41D /* Test Doubles */,
				8BD0D9EB2C9F595500A4F41D /* Model */,
				8BD0D9E72C9F561400A4F41D /* Feed */,
			);
			path = Feature;
			sourceTree = "<group>";
		};
		8BD0D9E72C9F561400A4F41D /* Feed */ = {
			isa = PBXGroup;
			children = (
				8BD0DA1F2CA1673400A4F41D /* Presentation */,
				8BD0D9EE2C9F5B2C00A4F41D /* Test Doubles */,
				8BD0D9E82C9F561800A4F41D /* View Model */,
			);
			path = Feed;
			sourceTree = "<group>";
		};
		8BD0D9E82C9F561800A4F41D /* View Model */ = {
			isa = PBXGroup;
			children = (
				8BD0D9E92C9F562D00A4F41D /* ChatFeedViewModelUnitTests.swift */,
			);
			path = "View Model";
			sourceTree = "<group>";
		};
		8BD0D9EB2C9F595500A4F41D /* Model */ = {
			isa = PBXGroup;
			children = (
				8BD0D9EF2C9F5B4000A4F41D /* Chat+UnitTests.swift */,
			);
			path = Model;
			sourceTree = "<group>";
		};
		8BD0D9EE2C9F5B2C00A4F41D /* Test Doubles */ = {
			isa = PBXGroup;
			children = (
				8BD0D9EC2C9F596000A4F41D /* StubChatService.swift */,
				8BD0D9F52C9F5E6000A4F41D /* SpyChatFeed.swift */,
			);
			path = "Test Doubles";
			sourceTree = "<group>";
		};
		8BD0D9F12C9F5C6800A4F41D /* Test Doubles */ = {
			isa = PBXGroup;
			children = (
				8BD0DA192CA166C500A4F41D /* View */,
				8BD0D9F22C9F5C6D00A4F41D /* Model */,
			);
			path = "Test Doubles";
			sourceTree = "<group>";
		};
		8BD0D9F22C9F5C6D00A4F41D /* Model */ = {
			isa = PBXGroup;
			children = (
				8BD0D9F32C9F5C7200A4F41D /* ChatStub.swift */,
			);
			path = Model;
			sourceTree = "<group>";
		};
		8BD0D9FC2C9F60A600A4F41D /* Chat */ = {
			isa = PBXGroup;
			children = (
				8BD0D9C62C9F50E000A4F41D /* Presentation */,
				8BD0D9C72C9F50E400A4F41D /* Model */,
				8BD0D9CE2C9F51F100A4F41D /* Service */,
				8BD0D9C22C9F507C00A4F41D /* View Model */,
			);
			path = Chat;
			sourceTree = "<group>";
		};
		8BD0D9FD2C9F60C700A4F41D /* State */ = {
			isa = PBXGroup;
			children = (
				8BD0D9FA2C9F605D00A4F41D /* ChatFeedViewModelState.swift */,
			);
			path = State;
			sourceTree = "<group>";
		};
		8BD0D9FE2C9F60CE00A4F41D /* Core */ = {
			isa = PBXGroup;
			children = (
				8BD0D9C82C9F510D00A4F41D /* Chat.swift */,
				8BD0D9CC2C9F51BB00A4F41D /* Message.swift */,
			);
			path = Core;
			sourceTree = "<group>";
		};
		8BD0D9FF2C9F60FF00A4F41D /* Feed */ = {
			isa = PBXGroup;
			children = (
				8BD0DA0D2CA15F8800A4F41D /* Cell */,
				8BD0DA092CA15DF500A4F41D /* ChatFeed.storyboard */,
				8BD0DA0B2CA15E0000A4F41D /* ChatFeedViewController.swift */,
			);
			path = Feed;
			sourceTree = "<group>";
		};
		8BD0DA002C9F615E00A4F41D /* Storyboard */ = {
			isa = PBXGroup;
			children = (
				8BD0DA012C9F616A00A4F41D /* Storyboarded.swift */,
				8BD0DA032C9F618300A4F41D /* Storyboarded+ViewController.swift */,
			);
			path = Storyboard;
			sourceTree = "<group>";
		};
		8BD0DA0D2CA15F8800A4F41D /* Cell */ = {
			isa = PBXGroup;
			children = (
				8BD0DA0E2CA15F9C00A4F41D /* ChatFeedTableViewCell.swift */,
				8BD0DA162CA1613B00A4F41D /* ChatFeedCellViewable.swift */,
			);
			path = Cell;
			sourceTree = "<group>";
		};
		8BD0DA102CA160B700A4F41D /* View */ = {
			isa = PBXGroup;
			children = (
				8BD0DA182CA1663F00A4F41D /* Detail */,
				8BD0D9FF2C9F60FF00A4F41D /* Feed */,
			);
			path = View;
			sourceTree = "<group>";
		};
		8BD0DA112CA160BD00A4F41D /* Presentation Model */ = {
			isa = PBXGroup;
			children = (
				8BD0DA122CA160D900A4F41D /* ChatPresentationModelling.swift */,
				8BD0DA142CA160E100A4F41D /* ChatPresentationModel.swift */,
			);
			path = "Presentation Model";
			sourceTree = "<group>";
		};
		8BD0DA182CA1663F00A4F41D /* Detail */ = {
			isa = PBXGroup;
			children = (
				8BD0DA2F2CA181F600A4F41D /* Supporting Views */,
				8BD0DA272CA1771B00A4F41D /* ChatDetailViewController.swift */,
			);
			path = Detail;
			sourceTree = "<group>";
		};
		8BD0DA192CA166C500A4F41D /* View */ = {
			isa = PBXGroup;
			children = (
				8BD0DA1A2CA166E300A4F41D /* ChatFeedTableViewCell+DSLHelpers.swift */,
			);
			path = View;
			sourceTree = "<group>";
		};
		8BD0DA1C2CA1671800A4F41D /* Test Utilities */ = {
			isa = PBXGroup;
			children = (
				8BD0DA1D2CA1672500A4F41D /* UIView+FindChildView.swift */,
			);
			path = "Test Utilities";
			sourceTree = "<group>";
		};
		8BD0DA1F2CA1673400A4F41D /* Presentation */ = {
			isa = PBXGroup;
			children = (
				8BD0DA202CA1674000A4F41D /* ChatFeedTableViewCellUnitTests.swift */,
			);
			path = Presentation;
			sourceTree = "<group>";
		};
		8BD0DA222CA176D600A4F41D /* Detail */ = {
			isa = PBXGroup;
			children = (
				8BD0DA2D2CA179DE00A4F41D /* ChatDetailViewModel.swift */,
			);
			path = Detail;
			sourceTree = "<group>";
		};
		8BD0DA2F2CA181F600A4F41D /* Supporting Views */ = {
			isa = PBXGroup;
			children = (
				8BD0DA232CA176E900A4F41D /* ChatDetailView.swift */,
				8BD0DA252CA176F300A4F41D /* HostedChatDetailView.swift */,
				8BD0DA302CA1820500A4F41D /* ChatInputView.swift */,
			);
			path = "Supporting Views";
			sourceTree = "<group>";
		};
/* End PBXGroup section */

/* Begin PBXNativeTarget section */
		8BD0D98D2C9F4E6400A4F41D /* SimpleMessaging */ = {
			isa = PBXNativeTarget;
			buildConfigurationList = 8BD0D9B82C9F4E6600A4F41D /* Build configuration list for PBXNativeTarget "SimpleMessaging" */;
			buildPhases = (
				8BD0D98A2C9F4E6400A4F41D /* Sources */,
				8BD0D98B2C9F4E6400A4F41D /* Frameworks */,
				8BD0D98C2C9F4E6400A4F41D /* Resources */,
			);
			buildRules = (
			);
			dependencies = (
			);
			name = SimpleMessaging;
			packageProductDependencies = (
				8BD0D9DB2C9F542700A4F41D /* CoreNetworking */,
				8BD0D9DD2C9F542B00A4F41D /* CoreFoundational */,
			);
			productName = SimpleMessaging;
			productReference = 8BD0D98E2C9F4E6400A4F41D /* SimpleMessaging.app */;
			productType = "com.apple.product-type.application";
		};
		8BD0D9A32C9F4E6600A4F41D /* SimpleMessagingTests */ = {
			isa = PBXNativeTarget;
			buildConfigurationList = 8BD0D9BB2C9F4E6600A4F41D /* Build configuration list for PBXNativeTarget "SimpleMessagingTests" */;
			buildPhases = (
				8BD0D9A02C9F4E6600A4F41D /* Sources */,
				8BD0D9A12C9F4E6600A4F41D /* Frameworks */,
				8BD0D9A22C9F4E6600A4F41D /* Resources */,
			);
			buildRules = (
			);
			dependencies = (
				8BD0D9A62C9F4E6600A4F41D /* PBXTargetDependency */,
			);
			name = SimpleMessagingTests;
			packageProductDependencies = (
				8BD0D9E12C9F543500A4F41D /* CoreTesting */,
			);
			productName = SimpleMessagingTests;
			productReference = 8BD0D9A42C9F4E6600A4F41D /* SimpleMessagingTests.xctest */;
			productType = "com.apple.product-type.bundle.unit-test";
		};
		8BD0D9AD2C9F4E6600A4F41D /* SimpleMessagingUITests */ = {
			isa = PBXNativeTarget;
			buildConfigurationList = 8BD0D9BE2C9F4E6600A4F41D /* Build configuration list for PBXNativeTarget "SimpleMessagingUITests" */;
			buildPhases = (
				8BD0D9AA2C9F4E6600A4F41D /* Sources */,
				8BD0D9AB2C9F4E6600A4F41D /* Frameworks */,
				8BD0D9AC2C9F4E6600A4F41D /* Resources */,
			);
			buildRules = (
			);
			dependencies = (
				8BD0D9B02C9F4E6600A4F41D /* PBXTargetDependency */,
			);
			name = SimpleMessagingUITests;
			productName = SimpleMessagingUITests;
			productReference = 8BD0D9AE2C9F4E6600A4F41D /* SimpleMessagingUITests.xctest */;
			productType = "com.apple.product-type.bundle.ui-testing";
		};
/* End PBXNativeTarget section */

/* Begin PBXProject section */
		8BD0D9862C9F4E6400A4F41D /* Project object */ = {
			isa = PBXProject;
			attributes = {
				BuildIndependentTargetsInParallel = 1;
				LastSwiftUpdateCheck = 1500;
				LastUpgradeCheck = 1500;
				TargetAttributes = {
					8BD0D98D2C9F4E6400A4F41D = {
						CreatedOnToolsVersion = 15.0;
					};
					8BD0D9A32C9F4E6600A4F41D = {
						CreatedOnToolsVersion = 15.0;
						TestTargetID = 8BD0D98D2C9F4E6400A4F41D;
					};
					8BD0D9AD2C9F4E6600A4F41D = {
						CreatedOnToolsVersion = 15.0;
						TestTargetID = 8BD0D98D2C9F4E6400A4F41D;
					};
				};
			};
			buildConfigurationList = 8BD0D9892C9F4E6400A4F41D /* Build configuration list for PBXProject "SimpleMessaging" */;
			compatibilityVersion = "Xcode 14.0";
			developmentRegion = en;
			hasScannedForEncodings = 0;
			knownRegions = (
				en,
				Base,
			);
			mainGroup = 8BD0D9852C9F4E6400A4F41D;
			productRefGroup = 8BD0D98F2C9F4E6400A4F41D /* Products */;
			projectDirPath = "";
			projectRoot = "";
			targets = (
				8BD0D98D2C9F4E6400A4F41D /* SimpleMessaging */,
				8BD0D9A32C9F4E6600A4F41D /* SimpleMessagingTests */,
				8BD0D9AD2C9F4E6600A4F41D /* SimpleMessagingUITests */,
			);
		};
/* End PBXProject section */

/* Begin PBXResourcesBuildPhase section */
		8BD0D98C2C9F4E6400A4F41D /* Resources */ = {
			isa = PBXResourcesBuildPhase;
			buildActionMask = 2147483647;
			files = (
				8BD0D99E2C9F4E6600A4F41D /* LaunchScreen.storyboard in Resources */,
				8BD0D9D22C9F527C00A4F41D /* Chats.json in Resources */,
				8BD0D99B2C9F4E6600A4F41D /* Assets.xcassets in Resources */,
				8BD0DA0A2CA15DF500A4F41D /* ChatFeed.storyboard in Resources */,
			);
			runOnlyForDeploymentPostprocessing = 0;
		};
		8BD0D9A22C9F4E6600A4F41D /* Resources */ = {
			isa = PBXResourcesBuildPhase;
			buildActionMask = 2147483647;
			files = (
			);
			runOnlyForDeploymentPostprocessing = 0;
		};
		8BD0D9AC2C9F4E6600A4F41D /* Resources */ = {
			isa = PBXResourcesBuildPhase;
			buildActionMask = 2147483647;
			files = (
			);
			runOnlyForDeploymentPostprocessing = 0;
		};
/* End PBXResourcesBuildPhase section */

/* Begin PBXSourcesBuildPhase section */
		8BD0D98A2C9F4E6400A4F41D /* Sources */ = {
			isa = PBXSourcesBuildPhase;
			buildActionMask = 2147483647;
			files = (
				8BD0DA042C9F618300A4F41D /* Storyboarded+ViewController.swift in Sources */,
				8BD0D9F82C9F604400A4F41D /* ChatFeedViewModelling.swift in Sources */,
				8BD0DA2A2CA1793100A4F41D /* SwiftUIViewHostingUIViewController.swift in Sources */,
				8BD0D9FB2C9F605D00A4F41D /* ChatFeedViewModelState.swift in Sources */,
				8BD0DA132CA160D900A4F41D /* ChatPresentationModelling.swift in Sources */,
				8BD0DA152CA160E100A4F41D /* ChatPresentationModel.swift in Sources */,
				8BD0D9D72C9F533E00A4F41D /* ChatServiceable.swift in Sources */,
				8BD0DA2C2CA1799000A4F41D /* UIViewController+SwiftUI.swift in Sources */,
				8BD0D9E52C9F560700A4F41D /* ChatFeedViewModel.swift in Sources */,
				8BD0D9C92C9F510D00A4F41D /* Chat.swift in Sources */,
				8BD0DA282CA1771B00A4F41D /* ChatDetailViewController.swift in Sources */,
				8BD0DA172CA1613B00A4F41D /* ChatFeedCellViewable.swift in Sources */,
				8BD0D9CD2C9F51BB00A4F41D /* Message.swift in Sources */,
				8BD0DA262CA176F300A4F41D /* HostedChatDetailView.swift in Sources */,
				8BD0DA0C2CA15E0000A4F41D /* ChatFeedViewController.swift in Sources */,
				8BD0DA312CA1820500A4F41D /* ChatInputView.swift in Sources */,
				8BD0DA0F2CA15F9C00A4F41D /* ChatFeedTableViewCell.swift in Sources */,
				8BD0DA242CA176E900A4F41D /* ChatDetailView.swift in Sources */,
				8BD0DA2E2CA179DE00A4F41D /* ChatDetailViewModel.swift in Sources */,
				8BD0DA022C9F616A00A4F41D /* Storyboarded.swift in Sources */,
				8BD0D9922C9F4E6400A4F41D /* AppDelegate.swift in Sources */,
				8BD0D9942C9F4E6400A4F41D /* SceneDelegate.swift in Sources */,
				8BD0D9D42C9F52AF00A4F41D /* LocalJSONChatService.swift in Sources */,
			);
			runOnlyForDeploymentPostprocessing = 0;
		};
		8BD0D9A02C9F4E6600A4F41D /* Sources */ = {
			isa = PBXSourcesBuildPhase;
			buildActionMask = 2147483647;
			files = (
				8BD0D9F62C9F5E6000A4F41D /* SpyChatFeed.swift in Sources */,
				8BD0DA212CA1674000A4F41D /* ChatFeedTableViewCellUnitTests.swift in Sources */,
				8BD0DA1E2CA1672500A4F41D /* UIView+FindChildView.swift in Sources */,
				8BD0D9EA2C9F562D00A4F41D /* ChatFeedViewModelUnitTests.swift in Sources */,
				8BD0D9F42C9F5C7200A4F41D /* ChatStub.swift in Sources */,
				8BD0DA1B2CA166E300A4F41D /* ChatFeedTableViewCell+DSLHelpers.swift in Sources */,
				8BD0D9F02C9F5B4000A4F41D /* Chat+UnitTests.swift in Sources */,
				8BD0D9ED2C9F596000A4F41D /* StubChatService.swift in Sources */,
				8BD0D9A92C9F4E6600A4F41D /* SimpleMessagingTests.swift in Sources */,
			);
			runOnlyForDeploymentPostprocessing = 0;
		};
		8BD0D9AA2C9F4E6600A4F41D /* Sources */ = {
			isa = PBXSourcesBuildPhase;
			buildActionMask = 2147483647;
			files = (
				8BD0D9B32C9F4E6600A4F41D /* SimpleMessagingUITests.swift in Sources */,
				8BD0D9B52C9F4E6600A4F41D /* SimpleMessagingUITestsLaunchTests.swift in Sources */,
			);
			runOnlyForDeploymentPostprocessing = 0;
		};
/* End PBXSourcesBuildPhase section */

/* Begin PBXTargetDependency section */
		8BD0D9A62C9F4E6600A4F41D /* PBXTargetDependency */ = {
			isa = PBXTargetDependency;
			target = 8BD0D98D2C9F4E6400A4F41D /* SimpleMessaging */;
			targetProxy = 8BD0D9A52C9F4E6600A4F41D /* PBXContainerItemProxy */;
		};
		8BD0D9B02C9F4E6600A4F41D /* PBXTargetDependency */ = {
			isa = PBXTargetDependency;
			target = 8BD0D98D2C9F4E6400A4F41D /* SimpleMessaging */;
			targetProxy = 8BD0D9AF2C9F4E6600A4F41D /* PBXContainerItemProxy */;
		};
/* End PBXTargetDependency section */

/* Begin PBXVariantGroup section */
		8BD0D99C2C9F4E6600A4F41D /* LaunchScreen.storyboard */ = {
			isa = PBXVariantGroup;
			children = (
				8BD0D99D2C9F4E6600A4F41D /* Base */,
			);
			name = LaunchScreen.storyboard;
			sourceTree = "<group>";
		};
/* End PBXVariantGroup section */

/* Begin XCBuildConfiguration section */
		8BD0D9B62C9F4E6600A4F41D /* Debug */ = {
			isa = XCBuildConfiguration;
			buildSettings = {
				ALWAYS_SEARCH_USER_PATHS = NO;
				ASSETCATALOG_COMPILER_GENERATE_SWIFT_ASSET_SYMBOL_EXTENSIONS = YES;
				CLANG_ANALYZER_NONNULL = YES;
				CLANG_ANALYZER_NUMBER_OBJECT_CONVERSION = YES_AGGRESSIVE;
				CLANG_CXX_LANGUAGE_STANDARD = "gnu++20";
				CLANG_ENABLE_MODULES = YES;
				CLANG_ENABLE_OBJC_ARC = YES;
				CLANG_ENABLE_OBJC_WEAK = YES;
				CLANG_WARN_BLOCK_CAPTURE_AUTORELEASING = YES;
				CLANG_WARN_BOOL_CONVERSION = YES;
				CLANG_WARN_COMMA = YES;
				CLANG_WARN_CONSTANT_CONVERSION = YES;
				CLANG_WARN_DEPRECATED_OBJC_IMPLEMENTATIONS = YES;
				CLANG_WARN_DIRECT_OBJC_ISA_USAGE = YES_ERROR;
				CLANG_WARN_DOCUMENTATION_COMMENTS = YES;
				CLANG_WARN_EMPTY_BODY = YES;
				CLANG_WARN_ENUM_CONVERSION = YES;
				CLANG_WARN_INFINITE_RECURSION = YES;
				CLANG_WARN_INT_CONVERSION = YES;
				CLANG_WARN_NON_LITERAL_NULL_CONVERSION = YES;
				CLANG_WARN_OBJC_IMPLICIT_RETAIN_SELF = YES;
				CLANG_WARN_OBJC_LITERAL_CONVERSION = YES;
				CLANG_WARN_OBJC_ROOT_CLASS = YES_ERROR;
				CLANG_WARN_QUOTED_INCLUDE_IN_FRAMEWORK_HEADER = YES;
				CLANG_WARN_RANGE_LOOP_ANALYSIS = YES;
				CLANG_WARN_STRICT_PROTOTYPES = YES;
				CLANG_WARN_SUSPICIOUS_MOVE = YES;
				CLANG_WARN_UNGUARDED_AVAILABILITY = YES_AGGRESSIVE;
				CLANG_WARN_UNREACHABLE_CODE = YES;
				CLANG_WARN__DUPLICATE_METHOD_MATCH = YES;
				COPY_PHASE_STRIP = NO;
				DEBUG_INFORMATION_FORMAT = dwarf;
				ENABLE_STRICT_OBJC_MSGSEND = YES;
				ENABLE_TESTABILITY = YES;
				ENABLE_USER_SCRIPT_SANDBOXING = YES;
				GCC_C_LANGUAGE_STANDARD = gnu17;
				GCC_DYNAMIC_NO_PIC = NO;
				GCC_NO_COMMON_BLOCKS = YES;
				GCC_OPTIMIZATION_LEVEL = 0;
				GCC_PREPROCESSOR_DEFINITIONS = (
					"DEBUG=1",
					"$(inherited)",
				);
				GCC_WARN_64_TO_32_BIT_CONVERSION = YES;
				GCC_WARN_ABOUT_RETURN_TYPE = YES_ERROR;
				GCC_WARN_UNDECLARED_SELECTOR = YES;
				GCC_WARN_UNINITIALIZED_AUTOS = YES_AGGRESSIVE;
				GCC_WARN_UNUSED_FUNCTION = YES;
				GCC_WARN_UNUSED_VARIABLE = YES;
				IPHONEOS_DEPLOYMENT_TARGET = 17.0;
				LOCALIZATION_PREFERS_STRING_CATALOGS = YES;
				MTL_ENABLE_DEBUG_INFO = INCLUDE_SOURCE;
				MTL_FAST_MATH = YES;
				ONLY_ACTIVE_ARCH = YES;
				SDKROOT = iphoneos;
				SWIFT_ACTIVE_COMPILATION_CONDITIONS = "DEBUG $(inherited)";
				SWIFT_OPTIMIZATION_LEVEL = "-Onone";
			};
			name = Debug;
		};
		8BD0D9B72C9F4E6600A4F41D /* Release */ = {
			isa = XCBuildConfiguration;
			buildSettings = {
				ALWAYS_SEARCH_USER_PATHS = NO;
				ASSETCATALOG_COMPILER_GENERATE_SWIFT_ASSET_SYMBOL_EXTENSIONS = YES;
				CLANG_ANALYZER_NONNULL = YES;
				CLANG_ANALYZER_NUMBER_OBJECT_CONVERSION = YES_AGGRESSIVE;
				CLANG_CXX_LANGUAGE_STANDARD = "gnu++20";
				CLANG_ENABLE_MODULES = YES;
				CLANG_ENABLE_OBJC_ARC = YES;
				CLANG_ENABLE_OBJC_WEAK = YES;
				CLANG_WARN_BLOCK_CAPTURE_AUTORELEASING = YES;
				CLANG_WARN_BOOL_CONVERSION = YES;
				CLANG_WARN_COMMA = YES;
				CLANG_WARN_CONSTANT_CONVERSION = YES;
				CLANG_WARN_DEPRECATED_OBJC_IMPLEMENTATIONS = YES;
				CLANG_WARN_DIRECT_OBJC_ISA_USAGE = YES_ERROR;
				CLANG_WARN_DOCUMENTATION_COMMENTS = YES;
				CLANG_WARN_EMPTY_BODY = YES;
				CLANG_WARN_ENUM_CONVERSION = YES;
				CLANG_WARN_INFINITE_RECURSION = YES;
				CLANG_WARN_INT_CONVERSION = YES;
				CLANG_WARN_NON_LITERAL_NULL_CONVERSION = YES;
				CLANG_WARN_OBJC_IMPLICIT_RETAIN_SELF = YES;
				CLANG_WARN_OBJC_LITERAL_CONVERSION = YES;
				CLANG_WARN_OBJC_ROOT_CLASS = YES_ERROR;
				CLANG_WARN_QUOTED_INCLUDE_IN_FRAMEWORK_HEADER = YES;
				CLANG_WARN_RANGE_LOOP_ANALYSIS = YES;
				CLANG_WARN_STRICT_PROTOTYPES = YES;
				CLANG_WARN_SUSPICIOUS_MOVE = YES;
				CLANG_WARN_UNGUARDED_AVAILABILITY = YES_AGGRESSIVE;
				CLANG_WARN_UNREACHABLE_CODE = YES;
				CLANG_WARN__DUPLICATE_METHOD_MATCH = YES;
				COPY_PHASE_STRIP = NO;
				DEBUG_INFORMATION_FORMAT = "dwarf-with-dsym";
				ENABLE_NS_ASSERTIONS = NO;
				ENABLE_STRICT_OBJC_MSGSEND = YES;
				ENABLE_USER_SCRIPT_SANDBOXING = YES;
				GCC_C_LANGUAGE_STANDARD = gnu17;
				GCC_NO_COMMON_BLOCKS = YES;
				GCC_WARN_64_TO_32_BIT_CONVERSION = YES;
				GCC_WARN_ABOUT_RETURN_TYPE = YES_ERROR;
				GCC_WARN_UNDECLARED_SELECTOR = YES;
				GCC_WARN_UNINITIALIZED_AUTOS = YES_AGGRESSIVE;
				GCC_WARN_UNUSED_FUNCTION = YES;
				GCC_WARN_UNUSED_VARIABLE = YES;
				IPHONEOS_DEPLOYMENT_TARGET = 17.0;
				LOCALIZATION_PREFERS_STRING_CATALOGS = YES;
				MTL_ENABLE_DEBUG_INFO = NO;
				MTL_FAST_MATH = YES;
				SDKROOT = iphoneos;
				SWIFT_COMPILATION_MODE = wholemodule;
				VALIDATE_PRODUCT = YES;
			};
			name = Release;
		};
		8BD0D9B92C9F4E6600A4F41D /* Debug */ = {
			isa = XCBuildConfiguration;
			buildSettings = {
				ASSETCATALOG_COMPILER_APPICON_NAME = AppIcon;
				ASSETCATALOG_COMPILER_GLOBAL_ACCENT_COLOR_NAME = AccentColor;
				CODE_SIGN_STYLE = Automatic;
				CURRENT_PROJECT_VERSION = 1;
				DEVELOPMENT_TEAM = "";
				GENERATE_INFOPLIST_FILE = YES;
				INFOPLIST_FILE = SimpleMessaging/Info.plist;
				INFOPLIST_KEY_UIApplicationSupportsIndirectInputEvents = YES;
				INFOPLIST_KEY_UILaunchStoryboardName = LaunchScreen;
				INFOPLIST_KEY_UIMainStoryboardFile = "";
				INFOPLIST_KEY_UISupportedInterfaceOrientations_iPad = "UIInterfaceOrientationPortrait UIInterfaceOrientationPortraitUpsideDown UIInterfaceOrientationLandscapeLeft UIInterfaceOrientationLandscapeRight";
				INFOPLIST_KEY_UISupportedInterfaceOrientations_iPhone = "UIInterfaceOrientationPortrait UIInterfaceOrientationLandscapeLeft UIInterfaceOrientationLandscapeRight";
				LD_RUNPATH_SEARCH_PATHS = (
					"$(inherited)",
					"@executable_path/Frameworks",
				);
				MARKETING_VERSION = 1.0;
				PRODUCT_BUNDLE_IDENTIFIER = Simple.SimpleMessaging;
				PRODUCT_NAME = "$(TARGET_NAME)";
				SWIFT_EMIT_LOC_STRINGS = YES;
				SWIFT_VERSION = 5.0;
				TARGETED_DEVICE_FAMILY = "1,2";
			};
			name = Debug;
		};
		8BD0D9BA2C9F4E6600A4F41D /* Release */ = {
			isa = XCBuildConfiguration;
			buildSettings = {
				ASSETCATALOG_COMPILER_APPICON_NAME = AppIcon;
				ASSETCATALOG_COMPILER_GLOBAL_ACCENT_COLOR_NAME = AccentColor;
				CODE_SIGN_STYLE = Automatic;
				CURRENT_PROJECT_VERSION = 1;
				DEVELOPMENT_TEAM = "";
				GENERATE_INFOPLIST_FILE = YES;
				INFOPLIST_FILE = SimpleMessaging/Info.plist;
				INFOPLIST_KEY_UIApplicationSupportsIndirectInputEvents = YES;
				INFOPLIST_KEY_UILaunchStoryboardName = LaunchScreen;
				INFOPLIST_KEY_UIMainStoryboardFile = "";
				INFOPLIST_KEY_UISupportedInterfaceOrientations_iPad = "UIInterfaceOrientationPortrait UIInterfaceOrientationPortraitUpsideDown UIInterfaceOrientationLandscapeLeft UIInterfaceOrientationLandscapeRight";
				INFOPLIST_KEY_UISupportedInterfaceOrientations_iPhone = "UIInterfaceOrientationPortrait UIInterfaceOrientationLandscapeLeft UIInterfaceOrientationLandscapeRight";
				LD_RUNPATH_SEARCH_PATHS = (
					"$(inherited)",
					"@executable_path/Frameworks",
				);
				MARKETING_VERSION = 1.0;
				PRODUCT_BUNDLE_IDENTIFIER = Simple.SimpleMessaging;
				PRODUCT_NAME = "$(TARGET_NAME)";
				SWIFT_EMIT_LOC_STRINGS = YES;
				SWIFT_VERSION = 5.0;
				TARGETED_DEVICE_FAMILY = "1,2";
			};
			name = Release;
		};
		8BD0D9BC2C9F4E6600A4F41D /* Debug */ = {
			isa = XCBuildConfiguration;
			buildSettings = {
				ALWAYS_EMBED_SWIFT_STANDARD_LIBRARIES = YES;
				BUNDLE_LOADER = "$(TEST_HOST)";
				CODE_SIGN_STYLE = Automatic;
				CURRENT_PROJECT_VERSION = 1;
				GENERATE_INFOPLIST_FILE = YES;
				IPHONEOS_DEPLOYMENT_TARGET = 17.0;
				MARKETING_VERSION = 1.0;
				PRODUCT_BUNDLE_IDENTIFIER = Simple.SimpleMessagingTests;
				PRODUCT_NAME = "$(TARGET_NAME)";
				SWIFT_EMIT_LOC_STRINGS = NO;
				SWIFT_VERSION = 5.0;
				TARGETED_DEVICE_FAMILY = "1,2";
				TEST_HOST = "$(BUILT_PRODUCTS_DIR)/SimpleMessaging.app/$(BUNDLE_EXECUTABLE_FOLDER_PATH)/SimpleMessaging";
			};
			name = Debug;
		};
		8BD0D9BD2C9F4E6600A4F41D /* Release */ = {
			isa = XCBuildConfiguration;
			buildSettings = {
				ALWAYS_EMBED_SWIFT_STANDARD_LIBRARIES = YES;
				BUNDLE_LOADER = "$(TEST_HOST)";
				CODE_SIGN_STYLE = Automatic;
				CURRENT_PROJECT_VERSION = 1;
				GENERATE_INFOPLIST_FILE = YES;
				IPHONEOS_DEPLOYMENT_TARGET = 17.0;
				MARKETING_VERSION = 1.0;
				PRODUCT_BUNDLE_IDENTIFIER = Simple.SimpleMessagingTests;
				PRODUCT_NAME = "$(TARGET_NAME)";
				SWIFT_EMIT_LOC_STRINGS = NO;
				SWIFT_VERSION = 5.0;
				TARGETED_DEVICE_FAMILY = "1,2";
				TEST_HOST = "$(BUILT_PRODUCTS_DIR)/SimpleMessaging.app/$(BUNDLE_EXECUTABLE_FOLDER_PATH)/SimpleMessaging";
			};
			name = Release;
		};
		8BD0D9BF2C9F4E6600A4F41D /* Debug */ = {
			isa = XCBuildConfiguration;
			buildSettings = {
				ALWAYS_EMBED_SWIFT_STANDARD_LIBRARIES = YES;
				CODE_SIGN_STYLE = Automatic;
				CURRENT_PROJECT_VERSION = 1;
				GENERATE_INFOPLIST_FILE = YES;
				MARKETING_VERSION = 1.0;
				PRODUCT_BUNDLE_IDENTIFIER = Simple.SimpleMessagingUITests;
				PRODUCT_NAME = "$(TARGET_NAME)";
				SWIFT_EMIT_LOC_STRINGS = NO;
				SWIFT_VERSION = 5.0;
				TARGETED_DEVICE_FAMILY = "1,2";
				TEST_TARGET_NAME = SimpleMessaging;
			};
			name = Debug;
		};
		8BD0D9C02C9F4E6600A4F41D /* Release */ = {
			isa = XCBuildConfiguration;
			buildSettings = {
				ALWAYS_EMBED_SWIFT_STANDARD_LIBRARIES = YES;
				CODE_SIGN_STYLE = Automatic;
				CURRENT_PROJECT_VERSION = 1;
				GENERATE_INFOPLIST_FILE = YES;
				MARKETING_VERSION = 1.0;
				PRODUCT_BUNDLE_IDENTIFIER = Simple.SimpleMessagingUITests;
				PRODUCT_NAME = "$(TARGET_NAME)";
				SWIFT_EMIT_LOC_STRINGS = NO;
				SWIFT_VERSION = 5.0;
				TARGETED_DEVICE_FAMILY = "1,2";
				TEST_TARGET_NAME = SimpleMessaging;
			};
			name = Release;
		};
/* End XCBuildConfiguration section */

/* Begin XCConfigurationList section */
		8BD0D9892C9F4E6400A4F41D /* Build configuration list for PBXProject "SimpleMessaging" */ = {
			isa = XCConfigurationList;
			buildConfigurations = (
				8BD0D9B62C9F4E6600A4F41D /* Debug */,
				8BD0D9B72C9F4E6600A4F41D /* Release */,
			);
			defaultConfigurationIsVisible = 0;
			defaultConfigurationName = Release;
		};
		8BD0D9B82C9F4E6600A4F41D /* Build configuration list for PBXNativeTarget "SimpleMessaging" */ = {
			isa = XCConfigurationList;
			buildConfigurations = (
				8BD0D9B92C9F4E6600A4F41D /* Debug */,
				8BD0D9BA2C9F4E6600A4F41D /* Release */,
			);
			defaultConfigurationIsVisible = 0;
			defaultConfigurationName = Release;
		};
		8BD0D9BB2C9F4E6600A4F41D /* Build configuration list for PBXNativeTarget "SimpleMessagingTests" */ = {
			isa = XCConfigurationList;
			buildConfigurations = (
				8BD0D9BC2C9F4E6600A4F41D /* Debug */,
				8BD0D9BD2C9F4E6600A4F41D /* Release */,
			);
			defaultConfigurationIsVisible = 0;
			defaultConfigurationName = Release;
		};
		8BD0D9BE2C9F4E6600A4F41D /* Build configuration list for PBXNativeTarget "SimpleMessagingUITests" */ = {
			isa = XCConfigurationList;
			buildConfigurations = (
				8BD0D9BF2C9F4E6600A4F41D /* Debug */,
				8BD0D9C02C9F4E6600A4F41D /* Release */,
			);
			defaultConfigurationIsVisible = 0;
			defaultConfigurationName = Release;
		};
/* End XCConfigurationList section */

/* Begin XCSwiftPackageProductDependency section */
		8BD0D9DB2C9F542700A4F41D /* CoreNetworking */ = {
			isa = XCSwiftPackageProductDependency;
			productName = CoreNetworking;
		};
		8BD0D9DD2C9F542B00A4F41D /* CoreFoundational */ = {
			isa = XCSwiftPackageProductDependency;
			productName = CoreFoundational;
		};
		8BD0D9E12C9F543500A4F41D /* CoreTesting */ = {
			isa = XCSwiftPackageProductDependency;
			productName = CoreTesting;
		};
/* End XCSwiftPackageProductDependency section */
	};
	rootObject = 8BD0D9862C9F4E6400A4F41D /* Project object */;
}
